// !$*UTF8*$!
{
	archiveVersion = 1;
	classes = {
	};
	objectVersion = 56;
	objects = {

/* Begin PBXBuildFile section */
		BE64E8CE2A1E5F9E006ACF5B /* AppDelegate.swift in Sources */ = {isa = PBXBuildFile; fileRef = BE64E8CD2A1E5F9E006ACF5B /* AppDelegate.swift */; };
		BE64E8D02A1E5F9E006ACF5B /* SceneDelegate.swift in Sources */ = {isa = PBXBuildFile; fileRef = BE64E8CF2A1E5F9E006ACF5B /* SceneDelegate.swift */; };
		BE64E8D22A1E5F9E006ACF5B /* ViewController.swift in Sources */ = {isa = PBXBuildFile; fileRef = BE64E8D12A1E5F9E006ACF5B /* ViewController.swift */; };
		BE64E8D52A1E5F9E006ACF5B /* Main.storyboard in Resources */ = {isa = PBXBuildFile; fileRef = BE64E8D32A1E5F9E006ACF5B /* Main.storyboard */; };
		BE64E8D82A1E5F9E006ACF5B /* PilcoSoundBoard.xcdatamodeld in Sources */ = {isa = PBXBuildFile; fileRef = BE64E8D62A1E5F9E006ACF5B /* PilcoSoundBoard.xcdatamodeld */; };
		BE64E8DA2A1E5FA2006ACF5B /* Assets.xcassets in Resources */ = {isa = PBXBuildFile; fileRef = BE64E8D92A1E5FA2006ACF5B /* Assets.xcassets */; };
		BE64E8DD2A1E5FA2006ACF5B /* LaunchScreen.storyboard in Resources */ = {isa = PBXBuildFile; fileRef = BE64E8DB2A1E5FA2006ACF5B /* LaunchScreen.storyboard */; };
/* End PBXBuildFile section */

/* Begin PBXFileReference section */
		BE64E8CA2A1E5F9E006ACF5B /* PilcoSoundBoard.app */ = {isa = PBXFileReference; explicitFileType = wrapper.application; includeInIndex = 0; path = PilcoSoundBoard.app; sourceTree = BUILT_PRODUCTS_DIR; };
		BE64E8CD2A1E5F9E006ACF5B /* AppDelegate.swift */ = {isa = PBXFileReference; lastKnownFileType = sourcecode.swift; path = AppDelegate.swift; sourceTree = "<group>"; };
		BE64E8CF2A1E5F9E006ACF5B /* SceneDelegate.swift */ = {isa = PBXFileReference; lastKnownFileType = sourcecode.swift; path = SceneDelegate.swift; sourceTree = "<group>"; };
		BE64E8D12A1E5F9E006ACF5B /* ViewController.swift */ = {isa = PBXFileReference; lastKnownFileType = sourcecode.swift; path = ViewController.swift; sourceTree = "<group>"; };
		BE64E8D42A1E5F9E006ACF5B /* Base */ = {isa = PBXFileReference; lastKnownFileType = file.storyboard; name = Base; path = Base.lproj/Main.storyboard; sourceTree = "<group>"; };
		BE64E8D72A1E5F9E006ACF5B /* PilcoSoundBoard.xcdatamodel */ = {isa = PBXFileReference; lastKnownFileType = wrapper.xcdatamodel; path = PilcoSoundBoard.xcdatamodel; sourceTree = "<group>"; };
		BE64E8D92A1E5FA2006ACF5B /* Assets.xcassets */ = {isa = PBXFileReference; lastKnownFileType = folder.assetcatalog; path = Assets.xcassets; sourceTree = "<group>"; };
		BE64E8DC2A1E5FA2006ACF5B /* Base */ = {isa = PBXFileReference; lastKnownFileType = file.storyboard; name = Base; path = Base.lproj/LaunchScreen.storyboard; sourceTree = "<group>"; };
		BE64E8DE2A1E5FA2006ACF5B /* Info.plist */ = {isa = PBXFileReference; lastKnownFileType = text.plist.xml; path = Info.plist; sourceTree = "<group>"; };
/* End PBXFileReference section */

/* Begin PBXFrameworksBuildPhase section */
		BE64E8C72A1E5F9E006ACF5B /* Frameworks */ = {
			isa = PBXFrameworksBuildPhase;
			buildActionMask = 2147483647;
			files = (
			);
			runOnlyForDeploymentPostprocessing = 0;
		};
/* End PBXFrameworksBuildPhase section */

/* Begin PBXGroup section */
		BE64E8C12A1E5F9E006ACF5B = {
			isa = PBXGroup;
			children = (
				BE64E8CC2A1E5F9E006ACF5B /* PilcoSoundBoard */,
				BE64E8CB2A1E5F9E006ACF5B /* Products */,
			);
			sourceTree = "<group>";
		};
		BE64E8CB2A1E5F9E006ACF5B /* Products */ = {
			isa = PBXGroup;
			children = (
				BE64E8CA2A1E5F9E006ACF5B /* PilcoSoundBoard.app */,
			);
			name = Products;
			sourceTree = "<group>";
		};
		BE64E8CC2A1E5F9E006ACF5B /* PilcoSoundBoard */ = {
			isa = PBXGroup;
			children = (
				BE64E8CD2A1E5F9E006ACF5B /* AppDelegate.swift */,
				BE64E8CF2A1E5F9E006ACF5B /* SceneDelegate.swift */,
				BE64E8D12A1E5F9E006ACF5B /* ViewController.swift */,
				BE64E8D32A1E5F9E006ACF5B /* Main.storyboard */,
				BE64E8D92A1E5FA2006ACF5B /* Assets.xcassets */,
				BE64E8DB2A1E5FA2006ACF5B /* LaunchScreen.storyboard */,
				BE64E8DE2A1E5FA2006ACF5B /* Info.plist */,
				BE64E8D62A1E5F9E006ACF5B /* PilcoSoundBoard.xcdatamodeld */,
			);
			path = PilcoSoundBoard;
			sourceTree = "<group>";
		};
/* End PBXGroup section */

/* Begin PBXNativeTarget section */
		BE64E8C92A1E5F9E006ACF5B /* PilcoSoundBoard */ = {
			isa = PBXNativeTarget;
			buildConfigurationList = BE64E8E12A1E5FA2006ACF5B /* Build configuration list for PBXNativeTarget "PilcoSoundBoard" */;
			buildPhases = (
				BE64E8C62A1E5F9E006ACF5B /* Sources */,
				BE64E8C72A1E5F9E006ACF5B /* Frameworks */,
				BE64E8C82A1E5F9E006ACF5B /* Resources */,
			);
			buildRules = (
			);
			dependencies = (
			);
			name = PilcoSoundBoard;
			productName = PilcoSoundBoard;
			productReference = BE64E8CA2A1E5F9E006ACF5B /* PilcoSoundBoard.app */;
			productType = "com.apple.product-type.application";
		};
/* End PBXNativeTarget section */

/* Begin PBXProject section */
		BE64E8C22A1E5F9E006ACF5B /* Project object */ = {
			isa = PBXProject;
			attributes = {
				BuildIndependentTargetsInParallel = 1;
				LastSwiftUpdateCheck = 1430;
				LastUpgradeCheck = 1430;
				TargetAttributes = {
					BE64E8C92A1E5F9E006ACF5B = {
						CreatedOnToolsVersion = 14.3;
					};
				};
			};
			buildConfigurationList = BE64E8C52A1E5F9E006ACF5B /* Build configuration list for PBXProject "PilcoSoundBoard" */;
			compatibilityVersion = "Xcode 14.0";
			developmentRegion = en;
			hasScannedForEncodings = 0;
			knownRegions = (
				en,
				Base,
			);
			mainGroup = BE64E8C12A1E5F9E006ACF5B;
			productRefGroup = BE64E8CB2A1E5F9E006ACF5B /* Products */;
			projectDirPath = "";
			projectRoot = "";
			targets = (
				BE64E8C92A1E5F9E006ACF5B /* PilcoSoundBoard */,
			);
		};
/* End PBXProject section */

/* Begin PBXResourcesBuildPhase section */
		BE64E8C82A1E5F9E006ACF5B /* Resources */ = {
			isa = PBXResourcesBuildPhase;
			buildActionMask = 2147483647;
			files = (
				BE64E8DD2A1E5FA2006ACF5B /* LaunchScreen.storyboard in Resources */,
				BE64E8DA2A1E5FA2006ACF5B /* Assets.xcassets in Resources */,
				BE64E8D52A1E5F9E006ACF5B /* Main.storyboard in Resources */,
			);
			runOnlyForDeploymentPostprocessing = 0;
		};
/* End PBXResourcesBuildPhase section */

/* Begin PBXSourcesBuildPhase section */
		BE64E8C62A1E5F9E006ACF5B /* Sources */ = {
			isa = PBXSourcesBuildPhase;
			buildActionMask = 2147483647;
			files = (
				BE64E8D82A1E5F9E006ACF5B /* PilcoSoundBoard.xcdatamodeld in Sources */,
				BE64E8D22A1E5F9E006ACF5B /* ViewController.swift in Sources */,
				BE64E8CE2A1E5F9E006ACF5B /* AppDelegate.swift in Sources */,
				BE64E8D02A1E5F9E006ACF5B /* SceneDelegate.swift in Sources */,
			);
			runOnlyForDeploymentPostprocessing = 0;
		};
/* End PBXSourcesBuildPhase section */

/* Begin PBXVariantGroup section */
		BE64E8D32A1E5F9E006ACF5B /* Main.storyboard */ = {
			isa = PBXVariantGroup;
			children = (
				BE64E8D42A1E5F9E006ACF5B /* Base */,
			);
			name = Main.storyboard;
			sourceTree = "<group>";
		};
		BE64E8DB2A1E5FA2006ACF5B /* LaunchScreen.storyboard */ = {
			isa = PBXVariantGroup;
			children = (
				BE64E8DC2A1E5FA2006ACF5B /* Base */,
			);
			name = LaunchScreen.storyboard;
			sourceTree = "<group>";
		};
/* End PBXVariantGroup section */

/* Begin XCBuildConfiguration section */
		BE64E8DF2A1E5FA2006ACF5B /* Debug */ = {
			isa = XCBuildConfiguration;
			buildSettings = {
				ALWAYS_SEARCH_USER_PATHS = NO;
				CLANG_ANALYZER_NONNULL = YES;
				CLANG_ANALYZER_NUMBER_OBJECT_CONVERSION = YES_AGGRESSIVE;
				CLANG_CXX_LANGUAGE_STANDARD = "gnu++20";
				CLANG_ENABLE_MODULES = YES;
				CLANG_ENABLE_OBJC_ARC = YES;
				CLANG_ENABLE_OBJC_WEAK = YES;
				CLANG_WARN_BLOCK_CAPTURE_AUTORELEASING = YES;
				CLANG_WARN_BOOL_CONVERSION = YES;
				CLANG_WARN_COMMA = YES;
				CLANG_WARN_CONSTANT_CONVERSION = YES;
				CLANG_WARN_DEPRECATED_OBJC_IMPLEMENTATIONS = YES;
				CLANG_WARN_DIRECT_OBJC_ISA_USAGE = YES_ERROR;
				CLANG_WARN_DOCUMENTATION_COMMENTS = YES;
				CLANG_WARN_EMPTY_BODY = YES;
				CLANG_WARN_ENUM_CONVERSION = YES;
				CLANG_WARN_INFINITE_RECURSION = YES;
				CLANG_WARN_INT_CONVERSION = YES;
				CLANG_WARN_NON_LITERAL_NULL_CONVERSION = YES;
				CLANG_WARN_OBJC_IMPLICIT_RETAIN_SELF = YES;
				CLANG_WARN_OBJC_LITERAL_CONVERSION = YES;
				CLANG_WARN_OBJC_ROOT_CLASS = YES_ERROR;
				CLANG_WARN_QUOTED_INCLUDE_IN_FRAMEWORK_HEADER = YES;
				CLANG_WARN_RANGE_LOOP_ANALYSIS = YES;
				CLANG_WARN_STRICT_PROTOTYPES = YES;
				CLANG_WARN_SUSPICIOUS_MOVE = YES;
				CLANG_WARN_UNGUARDED_AVAILABILITY = YES_AGGRESSIVE;
				CLANG_WARN_UNREACHABLE_CODE = YES;
				CLANG_WARN__DUPLICATE_METHOD_MATCH = YES;
				COPY_PHASE_STRIP = NO;
				DEBUG_INFORMATION_FORMAT = dwarf;
				ENABLE_STRICT_OBJC_MSGSEND = YES;
				ENABLE_TESTABILITY = YES;
				GCC_C_LANGUAGE_STANDARD = gnu11;
				GCC_DYNAMIC_NO_PIC = NO;
				GCC_NO_COMMON_BLOCKS = YES;
				GCC_OPTIMIZATION_LEVEL = 0;
				GCC_PREPROCESSOR_DEFINITIONS = (
					"DEBUG=1",
					"$(inherited)",
				);
				GCC_WARN_64_TO_32_BIT_CONVERSION = YES;
				GCC_WARN_ABOUT_RETURN_TYPE = YES_ERROR;
				GCC_WARN_UNDECLARED_SELECTOR = YES;
				GCC_WARN_UNINITIALIZED_AUTOS = YES_AGGRESSIVE;
				GCC_WARN_UNUSED_FUNCTION = YES;
				GCC_WARN_UNUSED_VARIABLE = YES;
				IPHONEOS_DEPLOYMENT_TARGET = 16.4;
				MTL_ENABLE_DEBUG_INFO = INCLUDE_SOURCE;
				MTL_FAST_MATH = YES;
				ONLY_ACTIVE_ARCH = YES;
				SDKROOT = iphoneos;
				SWIFT_ACTIVE_COMPILATION_CONDITIONS = DEBUG;
				SWIFT_OPTIMIZATION_LEVEL = "-Onone";
			};
			name = Debug;
		};
		BE64E8E02A1E5FA2006ACF5B /* Release */ = {
			isa = XCBuildConfiguration;
			buildSettings = {
				ALWAYS_SEARCH_USER_PATHS = NO;
				CLANG_ANALYZER_NONNULL = YES;
				CLANG_ANALYZER_NUMBER_OBJECT_CONVERSION = YES_AGGRESSIVE;
				CLANG_CXX_LANGUAGE_STANDARD = "gnu++20";
				CLANG_ENABLE_MODULES = YES;
				CLANG_ENABLE_OBJC_ARC = YES;
				CLANG_ENABLE_OBJC_WEAK = YES;
				CLANG_WARN_BLOCK_CAPTURE_AUTORELEASING = YES;
				CLANG_WARN_BOOL_CONVERSION = YES;
				CLANG_WARN_COMMA = YES;
				CLANG_WARN_CONSTANT_CONVERSION = YES;
				CLANG_WARN_DEPRECATED_OBJC_IMPLEMENTATIONS = YES;
				CLANG_WARN_DIRECT_OBJC_ISA_USAGE = YES_ERROR;
				CLANG_WARN_DOCUMENTATION_COMMENTS = YES;
				CLANG_WARN_EMPTY_BODY = YES;
				CLANG_WARN_ENUM_CONVERSION = YES;
				CLANG_WARN_INFINITE_RECURSION = YES;
				CLANG_WARN_INT_CONVERSION = YES;
				CLANG_WARN_NON_LITERAL_NULL_CONVERSION = YES;
				CLANG_WARN_OBJC_IMPLICIT_RETAIN_SELF = YES;
				CLANG_WARN_OBJC_LITERAL_CONVERSION = YES;
				CLANG_WARN_OBJC_ROOT_CLASS = YES_ERROR;
				CLANG_WARN_QUOTED_INCLUDE_IN_FRAMEWORK_HEADER = YES;
				CLANG_WARN_RANGE_LOOP_ANALYSIS = YES;
				CLANG_WARN_STRICT_PROTOTYPES = YES;
				CLANG_WARN_SUSPICIOUS_MOVE = YES;
				CLANG_WARN_UNGUARDED_AVAILABILITY = YES_AGGRESSIVE;
				CLANG_WARN_UNREACHABLE_CODE = YES;
				CLANG_WARN__DUPLICATE_METHOD_MATCH = YES;
				COPY_PHASE_STRIP = NO;
				DEBUG_INFORMATION_FORMAT = "dwarf-with-dsym";
				ENABLE_NS_ASSERTIONS = NO;
				ENABLE_STRICT_OBJC_MSGSEND = YES;
				GCC_C_LANGUAGE_STANDARD = gnu11;
				GCC_NO_COMMON_BLOCKS = YES;
				GCC_WARN_64_TO_32_BIT_CONVERSION = YES;
				GCC_WARN_ABOUT_RETURN_TYPE = YES_ERROR;
				GCC_WARN_UNDECLARED_SELECTOR = YES;
				GCC_WARN_UNINITIALIZED_AUTOS = YES_AGGRESSIVE;
				GCC_WARN_UNUSED_FUNCTION = YES;
				GCC_WARN_UNUSED_VARIABLE = YES;
				IPHONEOS_DEPLOYMENT_TARGET = 16.4;
				MTL_ENABLE_DEBUG_INFO = NO;
				MTL_FAST_MATH = YES;
				SDKROOT = iphoneos;
				SWIFT_COMPILATION_MODE = wholemodule;
				SWIFT_OPTIMIZATION_LEVEL = "-O";
				VALIDATE_PRODUCT = YES;
			};
			name = Release;
		};
		BE64E8E22A1E5FA2006ACF5B /* Debug */ = {
			isa = XCBuildConfiguration;
			buildSettings = {
				ASSETCATALOG_COMPILER_APPICON_NAME = AppIcon;
				ASSETCATALOG_COMPILER_GLOBAL_ACCENT_COLOR_NAME = AccentColor;
				CODE_SIGN_STYLE = Automatic;
				CURRENT_PROJECT_VERSION = 1;
				GENERATE_INFOPLIST_FILE = YES;
				INFOPLIST_FILE = PilcoSoundBoard/Info.plist;
				INFOPLIST_KEY_UIApplicationSupportsIndirectInputEvents = YES;
				INFOPLIST_KEY_UILaunchStoryboardName = LaunchScreen;
				INFOPLIST_KEY_UIMainStoryboardFile = Main;
				INFOPLIST_KEY_UISupportedInterfaceOrientations_iPad = "UIInterfaceOrientationPortrait UIInterfaceOrientationPortraitUpsideDown UIInterfaceOrientationLandscapeLeft UIInterfaceOrientationLandscapeRight";
				INFOPLIST_KEY_UISupportedInterfaceOrientations_iPhone = "UIInterfaceOrientationPortrait UIInterfaceOrientationLandscapeLeft UIInterfaceOrientationLandscapeRight";
				LD_RUNPATH_SEARCH_PATHS = (
					"$(inherited)",
					"@executable_path/Frameworks",
				);
				MARKETING_VERSION = 1.0;
				PRODUCT_BUNDLE_IDENTIFIER = com.miempresa.PilcoSoundBoard;
				PRODUCT_NAME = "$(TARGET_NAME)";
				SWIFT_EMIT_LOC_STRINGS = YES;
				SWIFT_VERSION = 5.0;
				TARGETED_DEVICE_FAMILY = "1,2";
			};
			name = Debug;
		};
		BE64E8E32A1E5FA2006ACF5B /* Release */ = {
			isa = XCBuildConfiguration;
			buildSettings = {
				ASSETCATALOG_COMPILER_APPICON_NAME = AppIcon;
				ASSETCATALOG_COMPILER_GLOBAL_ACCENT_COLOR_NAME = AccentColor;
				CODE_SIGN_STYLE = Automatic;
				CURRENT_PROJECT_VERSION = 1;
				GENERATE_INFOPLIST_FILE = YES;
				INFOPLIST_FILE = PilcoSoundBoard/Info.plist;
				INFOPLIST_KEY_UIApplicationSupportsIndirectInputEvents = YES;
				INFOPLIST_KEY_UILaunchStoryboardName = LaunchScreen;
				INFOPLIST_KEY_UIMainStoryboardFile = Main;
				INFOPLIST_KEY_UISupportedInterfaceOrientations_iPad = "UIInterfaceOrientationPortrait UIInterfaceOrientationPortraitUpsideDown UIInterfaceOrientationLandscapeLeft UIInterfaceOrientationLandscapeRight";
				INFOPLIST_KEY_UISupportedInterfaceOrientations_iPhone = "UIInterfaceOrientationPortrait UIInterfaceOrientationLandscapeLeft UIInterfaceOrientationLandscapeRight";
				LD_RUNPATH_SEARCH_PATHS = (
					"$(inherited)",
					"@executable_path/Frameworks",
				);
				MARKETING_VERSION = 1.0;
				PRODUCT_BUNDLE_IDENTIFIER = com.miempresa.PilcoSoundBoard;
				PRODUCT_NAME = "$(TARGET_NAME)";
				SWIFT_EMIT_LOC_STRINGS = YES;
				SWIFT_VERSION = 5.0;
				TARGETED_DEVICE_FAMILY = "1,2";
			};
			name = Release;
		};
/* End XCBuildConfiguration section */

/* Begin XCConfigurationList section */
		BE64E8C52A1E5F9E006ACF5B /* Build configuration list for PBXProject "PilcoSoundBoard" */ = {
			isa = XCConfigurationList;
			buildConfigurations = (
				BE64E8DF2A1E5FA2006ACF5B /* Debug */,
				BE64E8E02A1E5FA2006ACF5B /* Release */,
			);
			defaultConfigurationIsVisible = 0;
			defaultConfigurationName = Release;
		};
		BE64E8E12A1E5FA2006ACF5B /* Build configuration list for PBXNativeTarget "PilcoSoundBoard" */ = {
			isa = XCConfigurationList;
			buildConfigurations = (
				BE64E8E22A1E5FA2006ACF5B /* Debug */,
				BE64E8E32A1E5FA2006ACF5B /* Release */,
			);
			defaultConfigurationIsVisible = 0;
			defaultConfigurationName = Release;
		};
/* End XCConfigurationList section */

/* Begin XCVersionGroup section */
		BE64E8D62A1E5F9E006ACF5B /* PilcoSoundBoard.xcdatamodeld */ = {
			isa = XCVersionGroup;
			children = (
				BE64E8D72A1E5F9E006ACF5B /* PilcoSoundBoard.xcdatamodel */,
			);
			currentVersion = BE64E8D72A1E5F9E006ACF5B /* PilcoSoundBoard.xcdatamodel */;
			path = PilcoSoundBoard.xcdatamodeld;
			sourceTree = "<group>";
			versionGroupType = wrapper.xcdatamodel;
		};
/* End XCVersionGroup section */
	};
	rootObject = BE64E8C22A1E5F9E006ACF5B /* Project object */;
}
